
Microsoft Visual Studio Solution File, Format Version 12.00
Project("{FAE04EC0-301F-11D3-BF4B-00C04F79EFBC}") = "SchoolDiary", "SchoolDiary\SchoolDiary\SchoolDiary.csproj", "{A3DE3773-44EF-456F-87CD-23A82D6821ED}"
EndProject
Project("{FAE04EC0-301F-11D3-BF4B-00C04F79EFBC}") = "SchoolDiary.Client", "SchoolDiary\SchoolDiary.Client\SchoolDiary.Client.csproj", "{5CE9AEDE-1B82-4357-AA09-06A638311230}"
EndProject
Project("{FAE04EC0-301F-11D3-BF4B-00C04F79EFBC}") = "SchoolDiary.Data", "SchoolDiary.Data\SchoolDiary.Data.csproj", "{63A36529-E7A8-4B59-BADA-0E439CF10215}"
EndProject
Global
	GlobalSection(SolutionConfigurationPlatforms) = preSolution
		Debug|Any CPU = Debug|Any CPU
		Release|Any CPU = Release|Any CPU
	EndGlobalSection
	GlobalSection(ProjectConfigurationPlatforms) = postSolution
		{A3DE3773-44EF-456F-87CD-23A82D6821ED}.Debug|Any CPU.ActiveCfg = Debug|Any CPU
		{A3DE3773-44EF-456F-87CD-23A82D6821ED}.Debug|Any CPU.Build.0 = Debug|Any CPU
		{A3DE3773-44EF-456F-87CD-23A82D6821ED}.Release|Any CPU.ActiveCfg = Release|Any CPU
		{A3DE3773-44EF-456F-87CD-23A82D6821ED}.Release|Any CPU.Build.0 = Release|Any CPU
		{5CE9AEDE-1B82-4357-AA09-06A638311230}.Debug|Any CPU.ActiveCfg = Debug|Any CPU
		{5CE9AEDE-1B82-4357-AA09-06A638311230}.Debug|Any CPU.Build.0 = Debug|Any CPU
		{5CE9AEDE-1B82-4357-AA09-06A638311230}.Release|Any CPU.ActiveCfg = Release|Any CPU
		{5CE9AEDE-1B82-4357-AA09-06A638311230}.Release|Any CPU.Build.0 = Release|Any CPU
		{63A36529-E7A8-4B59-BADA-0E439CF10215}.Debug|Any CPU.ActiveCfg = Debug|Any CPU
		{63A36529-E7A8-4B59-BADA-0E439CF10215}.Debug|Any CPU.Build.0 = Debug|Any CPU
		{63A36529-E7A8-4B59-BADA-0E439CF10215}.Release|Any CPU.ActiveCfg = Release|Any CPU
		{63A36529-E7A8-4B59-BADA-0E439CF10215}.Release|Any CPU.Build.0 = Release|Any CPU
	EndGlobalSection
EndGlobal
